
Microsoft Visual Studio Solution File, Format Version 12.00
# Visual Studio Version 17
VisualStudioVersion = 17.9.34622.214
MinimumVisualStudioVersion = 10.0.40219.1
Project("{FAE04EC0-301F-11D3-BF4B-00C04F79EFBC}") = "pbo-d", "pbo-d.csproj", "{4CCB7693-23B5-4149-8B18-8897217D635C}"
EndProject
Global
	GlobalSection(SolutionConfigurationPlatforms) = preSolution
		Debug|Any CPU = Debug|Any CPU
		Release|Any CPU = Release|Any CPU
	EndGlobalSection
	GlobalSection(ProjectConfigurationPlatforms) = postSolution
		{4CCB7693-23B5-4149-8B18-8897217D635C}.Debug|Any CPU.ActiveCfg = Debug|Any CPU
		{4CCB7693-23B5-4149-8B18-8897217D635C}.Debug|Any CPU.Build.0 = Debug|Any CPU
		{4CCB7693-23B5-4149-8B18-8897217D635C}.Release|Any CPU.ActiveCfg = Release|Any CPU
		{4CCB7693-23B5-4149-8B18-8897217D635C}.Release|Any CPU.Build.0 = Release|Any CPU
	EndGlobalSection
	GlobalSection(SolutionProperties) = preSolution
		HideSolutionNode = FALSE
	EndGlobalSection
	GlobalSection(ExtensibilityGlobals) = postSolution
		SolutionGuid = {C0D43978-E591-4C2A-88B7-4D54A03ABED7}
	EndGlobalSection
EndGlobal
